
Microsoft Visual Studio Solution File, Format Version 12.00
# Visual Studio 15
VisualStudioVersion = 15.0.27703.2042
MinimumVisualStudioVersion = 10.0.40219.1
Project("{9A19103F-16F7-4668-BE54-9A1E7A4F7556}") = "CharityAgent", "CharityAgent\CharityAgent.csproj", "{F12B6DCE-1B7C-4AD9-9D8C-7EE79D19C0D9}"
EndProject
Project("{FAE04EC0-301F-11D3-BF4B-00C04F79EFBC}") = "CharityAgent.Tests", "CharityAgent.xUnitTests\CharityAgent.Tests.csproj", "{2DB4BFCD-979C-44E1-8C5B-6F64FD5BF9F3}"
EndProject
Global
	GlobalSection(SolutionConfigurationPlatforms) = preSolution
		Debug|Any CPU = Debug|Any CPU
		Release|Any CPU = Release|Any CPU
	EndGlobalSection
	GlobalSection(ProjectConfigurationPlatforms) = postSolution
		{F12B6DCE-1B7C-4AD9-9D8C-7EE79D19C0D9}.Debug|Any CPU.ActiveCfg = Debug|Any CPU
		{F12B6DCE-1B7C-4AD9-9D8C-7EE79D19C0D9}.Debug|Any CPU.Build.0 = Debug|Any CPU
		{F12B6DCE-1B7C-4AD9-9D8C-7EE79D19C0D9}.Release|Any CPU.ActiveCfg = Release|Any CPU
		{F12B6DCE-1B7C-4AD9-9D8C-7EE79D19C0D9}.Release|Any CPU.Build.0 = Release|Any CPU
		{2DB4BFCD-979C-44E1-8C5B-6F64FD5BF9F3}.Debug|Any CPU.ActiveCfg = Debug|Any CPU
		{2DB4BFCD-979C-44E1-8C5B-6F64FD5BF9F3}.Debug|Any CPU.Build.0 = Debug|Any CPU
		{2DB4BFCD-979C-44E1-8C5B-6F64FD5BF9F3}.Release|Any CPU.ActiveCfg = Release|Any CPU
		{2DB4BFCD-979C-44E1-8C5B-6F64FD5BF9F3}.Release|Any CPU.Build.0 = Release|Any CPU
	EndGlobalSection
	GlobalSection(SolutionProperties) = preSolution
		HideSolutionNode = FALSE
	EndGlobalSection
	GlobalSection(ExtensibilityGlobals) = postSolution
		SolutionGuid = {5D44EBD2-D0CF-4251-BEAA-3161CE3BD8D2}
	EndGlobalSection
EndGlobal
